// !$*UTF8*$!
{
	archiveVersion = 1;
	classes = {
	};
	objectVersion = 56;
	objects = {

/* Begin PBXBuildFile section */
		FB94604A2A77AC7A0055E708 /* AssignmentSCGApp.swift in Sources */ = {isa = PBXBuildFile; fileRef = FB9460492A77AC7A0055E708 /* AssignmentSCGApp.swift */; };
		FB94604C2A77AC7A0055E708 /* DailyNewsView.swift in Sources */ = {isa = PBXBuildFile; fileRef = FB94604B2A77AC7A0055E708 /* DailyNewsView.swift */; };
		FB94604E2A77AC7C0055E708 /* Assets.xcassets in Resources */ = {isa = PBXBuildFile; fileRef = FB94604D2A77AC7C0055E708 /* Assets.xcassets */; };
		FB9460512A77AC7C0055E708 /* Preview Assets.xcassets in Resources */ = {isa = PBXBuildFile; fileRef = FB9460502A77AC7C0055E708 /* Preview Assets.xcassets */; };
		FB94605B2A77ACC40055E708 /* APIManager.swift in Sources */ = {isa = PBXBuildFile; fileRef = FB94605A2A77ACC40055E708 /* APIManager.swift */; };
		FB94605D2A77AD070055E708 /* DailyNewsViewModel.swift in Sources */ = {isa = PBXBuildFile; fileRef = FB94605C2A77AD070055E708 /* DailyNewsViewModel.swift */; };
		FB9460602A77AD450055E708 /* DetailNewsView.swift in Sources */ = {isa = PBXBuildFile; fileRef = FB94605F2A77AD450055E708 /* DetailNewsView.swift */; };
/* End PBXBuildFile section */

/* Begin PBXFileReference section */
		FB9460462A77AC790055E708 /* AssignmentSCG.app */ = {isa = PBXFileReference; explicitFileType = wrapper.application; includeInIndex = 0; path = AssignmentSCG.app; sourceTree = BUILT_PRODUCTS_DIR; };
		FB9460492A77AC7A0055E708 /* AssignmentSCGApp.swift */ = {isa = PBXFileReference; lastKnownFileType = sourcecode.swift; path = AssignmentSCGApp.swift; sourceTree = "<group>"; };
		FB94604B2A77AC7A0055E708 /* DailyNewsView.swift */ = {isa = PBXFileReference; lastKnownFileType = sourcecode.swift; path = DailyNewsView.swift; sourceTree = "<group>"; };
		FB94604D2A77AC7C0055E708 /* Assets.xcassets */ = {isa = PBXFileReference; lastKnownFileType = folder.assetcatalog; path = Assets.xcassets; sourceTree = "<group>"; };
		FB9460502A77AC7C0055E708 /* Preview Assets.xcassets */ = {isa = PBXFileReference; lastKnownFileType = folder.assetcatalog; path = "Preview Assets.xcassets"; sourceTree = "<group>"; };
		FB94605A2A77ACC40055E708 /* APIManager.swift */ = {isa = PBXFileReference; lastKnownFileType = sourcecode.swift; path = APIManager.swift; sourceTree = "<group>"; };
		FB94605C2A77AD070055E708 /* DailyNewsViewModel.swift */ = {isa = PBXFileReference; lastKnownFileType = sourcecode.swift; path = DailyNewsViewModel.swift; sourceTree = "<group>"; };
		FB94605F2A77AD450055E708 /* DetailNewsView.swift */ = {isa = PBXFileReference; lastKnownFileType = sourcecode.swift; path = DetailNewsView.swift; sourceTree = "<group>"; };
/* End PBXFileReference section */

/* Begin PBXFrameworksBuildPhase section */
		FB9460432A77AC790055E708 /* Frameworks */ = {
			isa = PBXFrameworksBuildPhase;
			buildActionMask = 2147483647;
			files = (
			);
			runOnlyForDeploymentPostprocessing = 0;
		};
/* End PBXFrameworksBuildPhase section */

/* Begin PBXGroup section */
		FB94603D2A77AC790055E708 = {
			isa = PBXGroup;
			children = (
				FB9460482A77AC790055E708 /* AssignmentSCG */,
				FB9460472A77AC790055E708 /* Products */,
			);
			sourceTree = "<group>";
		};
		FB9460472A77AC790055E708 /* Products */ = {
			isa = PBXGroup;
			children = (
				FB9460462A77AC790055E708 /* AssignmentSCG.app */,
			);
			name = Products;
			sourceTree = "<group>";
		};
		FB9460482A77AC790055E708 /* AssignmentSCG */ = {
			isa = PBXGroup;
			children = (
				FB9460612A77AD500055E708 /* Models */,
				FB9460582A77AC890055E708 /* ViewModels */,
				FB9460572A77AC810055E708 /* Views */,
				FB9460592A77AC910055E708 /* Helpers */,
				FB9460492A77AC7A0055E708 /* AssignmentSCGApp.swift */,
				FB94604D2A77AC7C0055E708 /* Assets.xcassets */,
				FB94604F2A77AC7C0055E708 /* Preview Content */,
			);
			path = AssignmentSCG;
			sourceTree = "<group>";
		};
		FB94604F2A77AC7C0055E708 /* Preview Content */ = {
			isa = PBXGroup;
			children = (
				FB9460502A77AC7C0055E708 /* Preview Assets.xcassets */,
			);
			path = "Preview Content";
			sourceTree = "<group>";
		};
		FB9460572A77AC810055E708 /* Views */ = {
			isa = PBXGroup;
			children = (
				FB94604B2A77AC7A0055E708 /* DailyNewsView.swift */,
				FB94605F2A77AD450055E708 /* DetailNewsView.swift */,
			);
			path = Views;
			sourceTree = "<group>";
		};
		FB9460582A77AC890055E708 /* ViewModels */ = {
			isa = PBXGroup;
			children = (
				FB94605C2A77AD070055E708 /* DailyNewsViewModel.swift */,
			);
			path = ViewModels;
			sourceTree = "<group>";
		};
		FB9460592A77AC910055E708 /* Helpers */ = {
			isa = PBXGroup;
			children = (
				FB94605A2A77ACC40055E708 /* APIManager.swift */,
			);
			path = Helpers;
			sourceTree = "<group>";
		};
		FB9460612A77AD500055E708 /* Models */ = {
			isa = PBXGroup;
			children = (
			);
			path = Models;
			sourceTree = "<group>";
		};
/* End PBXGroup section */

/* Begin PBXNativeTarget section */
		FB9460452A77AC790055E708 /* AssignmentSCG */ = {
			isa = PBXNativeTarget;
			buildConfigurationList = FB9460542A77AC7C0055E708 /* Build configuration list for PBXNativeTarget "AssignmentSCG" */;
			buildPhases = (
				FB9460422A77AC790055E708 /* Sources */,
				FB9460432A77AC790055E708 /* Frameworks */,
				FB9460442A77AC790055E708 /* Resources */,
			);
			buildRules = (
			);
			dependencies = (
			);
			name = AssignmentSCG;
			productName = AssignmentSCG;
			productReference = FB9460462A77AC790055E708 /* AssignmentSCG.app */;
			productType = "com.apple.product-type.application";
		};
/* End PBXNativeTarget section */

/* Begin PBXProject section */
		FB94603E2A77AC790055E708 /* Project object */ = {
			isa = PBXProject;
			attributes = {
				BuildIndependentTargetsInParallel = 1;
				LastSwiftUpdateCheck = 1430;
				LastUpgradeCheck = 1430;
				TargetAttributes = {
					FB9460452A77AC790055E708 = {
						CreatedOnToolsVersion = 14.3.1;
					};
				};
			};
			buildConfigurationList = FB9460412A77AC790055E708 /* Build configuration list for PBXProject "AssignmentSCG" */;
			compatibilityVersion = "Xcode 14.0";
			developmentRegion = en;
			hasScannedForEncodings = 0;
			knownRegions = (
				en,
				Base,
			);
			mainGroup = FB94603D2A77AC790055E708;
			productRefGroup = FB9460472A77AC790055E708 /* Products */;
			projectDirPath = "";
			projectRoot = "";
			targets = (
				FB9460452A77AC790055E708 /* AssignmentSCG */,
			);
		};
/* End PBXProject section */

/* Begin PBXResourcesBuildPhase section */
		FB9460442A77AC790055E708 /* Resources */ = {
			isa = PBXResourcesBuildPhase;
			buildActionMask = 2147483647;
			files = (
				FB9460512A77AC7C0055E708 /* Preview Assets.xcassets in Resources */,
				FB94604E2A77AC7C0055E708 /* Assets.xcassets in Resources */,
			);
			runOnlyForDeploymentPostprocessing = 0;
		};
/* End PBXResourcesBuildPhase section */

/* Begin PBXSourcesBuildPhase section */
		FB9460422A77AC790055E708 /* Sources */ = {
			isa = PBXSourcesBuildPhase;
			buildActionMask = 2147483647;
			files = (
				FB94605B2A77ACC40055E708 /* APIManager.swift in Sources */,
				FB94604C2A77AC7A0055E708 /* DailyNewsView.swift in Sources */,
				FB94604A2A77AC7A0055E708 /* AssignmentSCGApp.swift in Sources */,
				FB94605D2A77AD070055E708 /* DailyNewsViewModel.swift in Sources */,
				FB9460602A77AD450055E708 /* DetailNewsView.swift in Sources */,
			);
			runOnlyForDeploymentPostprocessing = 0;
		};
/* End PBXSourcesBuildPhase section */

/* Begin XCBuildConfiguration section */
		FB9460522A77AC7C0055E708 /* Debug */ = {
			isa = XCBuildConfiguration;
			buildSettings = {
				ALWAYS_SEARCH_USER_PATHS = NO;
				CLANG_ANALYZER_NONNULL = YES;
				CLANG_ANALYZER_NUMBER_OBJECT_CONVERSION = YES_AGGRESSIVE;
				CLANG_CXX_LANGUAGE_STANDARD = "gnu++20";
				CLANG_ENABLE_MODULES = YES;
				CLANG_ENABLE_OBJC_ARC = YES;
				CLANG_ENABLE_OBJC_WEAK = YES;
				CLANG_WARN_BLOCK_CAPTURE_AUTORELEASING = YES;
				CLANG_WARN_BOOL_CONVERSION = YES;
				CLANG_WARN_COMMA = YES;
				CLANG_WARN_CONSTANT_CONVERSION = YES;
				CLANG_WARN_DEPRECATED_OBJC_IMPLEMENTATIONS = YES;
				CLANG_WARN_DIRECT_OBJC_ISA_USAGE = YES_ERROR;
				CLANG_WARN_DOCUMENTATION_COMMENTS = YES;
				CLANG_WARN_EMPTY_BODY = YES;
				CLANG_WARN_ENUM_CONVERSION = YES;
				CLANG_WARN_INFINITE_RECURSION = YES;
				CLANG_WARN_INT_CONVERSION = YES;
				CLANG_WARN_NON_LITERAL_NULL_CONVERSION = YES;
				CLANG_WARN_OBJC_IMPLICIT_RETAIN_SELF = YES;
				CLANG_WARN_OBJC_LITERAL_CONVERSION = YES;
				CLANG_WARN_OBJC_ROOT_CLASS = YES_ERROR;
				CLANG_WARN_QUOTED_INCLUDE_IN_FRAMEWORK_HEADER = YES;
				CLANG_WARN_RANGE_LOOP_ANALYSIS = YES;
				CLANG_WARN_STRICT_PROTOTYPES = YES;
				CLANG_WARN_SUSPICIOUS_MOVE = YES;
				CLANG_WARN_UNGUARDED_AVAILABILITY = YES_AGGRESSIVE;
				CLANG_WARN_UNREACHABLE_CODE = YES;
				CLANG_WARN__DUPLICATE_METHOD_MATCH = YES;
				COPY_PHASE_STRIP = NO;
				DEBUG_INFORMATION_FORMAT = dwarf;
				ENABLE_STRICT_OBJC_MSGSEND = YES;
				ENABLE_TESTABILITY = YES;
				GCC_C_LANGUAGE_STANDARD = gnu11;
				GCC_DYNAMIC_NO_PIC = NO;
				GCC_NO_COMMON_BLOCKS = YES;
				GCC_OPTIMIZATION_LEVEL = 0;
				GCC_PREPROCESSOR_DEFINITIONS = (
					"DEBUG=1",
					"$(inherited)",
				);
				GCC_WARN_64_TO_32_BIT_CONVERSION = YES;
				GCC_WARN_ABOUT_RETURN_TYPE = YES_ERROR;
				GCC_WARN_UNDECLARED_SELECTOR = YES;
				GCC_WARN_UNINITIALIZED_AUTOS = YES_AGGRESSIVE;
				GCC_WARN_UNUSED_FUNCTION = YES;
				GCC_WARN_UNUSED_VARIABLE = YES;
				IPHONEOS_DEPLOYMENT_TARGET = 16.4;
				MTL_ENABLE_DEBUG_INFO = INCLUDE_SOURCE;
				MTL_FAST_MATH = YES;
				ONLY_ACTIVE_ARCH = YES;
				SDKROOT = iphoneos;
				SWIFT_ACTIVE_COMPILATION_CONDITIONS = DEBUG;
				SWIFT_OPTIMIZATION_LEVEL = "-Onone";
			};
			name = Debug;
		};
		FB9460532A77AC7C0055E708 /* Release */ = {
			isa = XCBuildConfiguration;
			buildSettings = {
				ALWAYS_SEARCH_USER_PATHS = NO;
				CLANG_ANALYZER_NONNULL = YES;
				CLANG_ANALYZER_NUMBER_OBJECT_CONVERSION = YES_AGGRESSIVE;
				CLANG_CXX_LANGUAGE_STANDARD = "gnu++20";
				CLANG_ENABLE_MODULES = YES;
				CLANG_ENABLE_OBJC_ARC = YES;
				CLANG_ENABLE_OBJC_WEAK = YES;
				CLANG_WARN_BLOCK_CAPTURE_AUTORELEASING = YES;
				CLANG_WARN_BOOL_CONVERSION = YES;
				CLANG_WARN_COMMA = YES;
				CLANG_WARN_CONSTANT_CONVERSION = YES;
				CLANG_WARN_DEPRECATED_OBJC_IMPLEMENTATIONS = YES;
				CLANG_WARN_DIRECT_OBJC_ISA_USAGE = YES_ERROR;
				CLANG_WARN_DOCUMENTATION_COMMENTS = YES;
				CLANG_WARN_EMPTY_BODY = YES;
				CLANG_WARN_ENUM_CONVERSION = YES;
				CLANG_WARN_INFINITE_RECURSION = YES;
				CLANG_WARN_INT_CONVERSION = YES;
				CLANG_WARN_NON_LITERAL_NULL_CONVERSION = YES;
				CLANG_WARN_OBJC_IMPLICIT_RETAIN_SELF = YES;
				CLANG_WARN_OBJC_LITERAL_CONVERSION = YES;
				CLANG_WARN_OBJC_ROOT_CLASS = YES_ERROR;
				CLANG_WARN_QUOTED_INCLUDE_IN_FRAMEWORK_HEADER = YES;
				CLANG_WARN_RANGE_LOOP_ANALYSIS = YES;
				CLANG_WARN_STRICT_PROTOTYPES = YES;
				CLANG_WARN_SUSPICIOUS_MOVE = YES;
				CLANG_WARN_UNGUARDED_AVAILABILITY = YES_AGGRESSIVE;
				CLANG_WARN_UNREACHABLE_CODE = YES;
				CLANG_WARN__DUPLICATE_METHOD_MATCH = YES;
				COPY_PHASE_STRIP = NO;
				DEBUG_INFORMATION_FORMAT = "dwarf-with-dsym";
				ENABLE_NS_ASSERTIONS = NO;
				ENABLE_STRICT_OBJC_MSGSEND = YES;
				GCC_C_LANGUAGE_STANDARD = gnu11;
				GCC_NO_COMMON_BLOCKS = YES;
				GCC_WARN_64_TO_32_BIT_CONVERSION = YES;
				GCC_WARN_ABOUT_RETURN_TYPE = YES_ERROR;
				GCC_WARN_UNDECLARED_SELECTOR = YES;
				GCC_WARN_UNINITIALIZED_AUTOS = YES_AGGRESSIVE;
				GCC_WARN_UNUSED_FUNCTION = YES;
				GCC_WARN_UNUSED_VARIABLE = YES;
				IPHONEOS_DEPLOYMENT_TARGET = 16.4;
				MTL_ENABLE_DEBUG_INFO = NO;
				MTL_FAST_MATH = YES;
				SDKROOT = iphoneos;
				SWIFT_COMPILATION_MODE = wholemodule;
				SWIFT_OPTIMIZATION_LEVEL = "-O";
				VALIDATE_PRODUCT = YES;
			};
			name = Release;
		};
		FB9460552A77AC7C0055E708 /* Debug */ = {
			isa = XCBuildConfiguration;
			buildSettings = {
				ASSETCATALOG_COMPILER_APPICON_NAME = AppIcon;
				ASSETCATALOG_COMPILER_GLOBAL_ACCENT_COLOR_NAME = AccentColor;
				CODE_SIGN_STYLE = Automatic;
				CURRENT_PROJECT_VERSION = 1;
				DEVELOPMENT_ASSET_PATHS = "\"AssignmentSCG/Preview Content\"";
				DEVELOPMENT_TEAM = 85JY49Q86S;
				ENABLE_PREVIEWS = YES;
				GENERATE_INFOPLIST_FILE = YES;
				INFOPLIST_KEY_UIApplicationSceneManifest_Generation = YES;
				INFOPLIST_KEY_UIApplicationSupportsIndirectInputEvents = YES;
				INFOPLIST_KEY_UILaunchScreen_Generation = YES;
				INFOPLIST_KEY_UISupportedInterfaceOrientations_iPad = "UIInterfaceOrientationPortrait UIInterfaceOrientationPortraitUpsideDown UIInterfaceOrientationLandscapeLeft UIInterfaceOrientationLandscapeRight";
				INFOPLIST_KEY_UISupportedInterfaceOrientations_iPhone = "UIInterfaceOrientationPortrait UIInterfaceOrientationLandscapeLeft UIInterfaceOrientationLandscapeRight";
				LD_RUNPATH_SEARCH_PATHS = (
					"$(inherited)",
					"@executable_path/Frameworks",
				);
				MARKETING_VERSION = 1.0;
				PRODUCT_BUNDLE_IDENTIFIER = com.papon.AssignmentSCG;
				PRODUCT_NAME = "$(TARGET_NAME)";
				SWIFT_EMIT_LOC_STRINGS = YES;
				SWIFT_VERSION = 5.0;
				TARGETED_DEVICE_FAMILY = "1,2";
			};
			name = Debug;
		};
		FB9460562A77AC7C0055E708 /* Release */ = {
			isa = XCBuildConfiguration;
			buildSettings = {
				ASSETCATALOG_COMPILER_APPICON_NAME = AppIcon;
				ASSETCATALOG_COMPILER_GLOBAL_ACCENT_COLOR_NAME = AccentColor;
				CODE_SIGN_STYLE = Automatic;
				CURRENT_PROJECT_VERSION = 1;
				DEVELOPMENT_ASSET_PATHS = "\"AssignmentSCG/Preview Content\"";
				DEVELOPMENT_TEAM = 85JY49Q86S;
				ENABLE_PREVIEWS = YES;
				GENERATE_INFOPLIST_FILE = YES;
				INFOPLIST_KEY_UIApplicationSceneManifest_Generation = YES;
				INFOPLIST_KEY_UIApplicationSupportsIndirectInputEvents = YES;
				INFOPLIST_KEY_UILaunchScreen_Generation = YES;
				INFOPLIST_KEY_UISupportedInterfaceOrientations_iPad = "UIInterfaceOrientationPortrait UIInterfaceOrientationPortraitUpsideDown UIInterfaceOrientationLandscapeLeft UIInterfaceOrientationLandscapeRight";
				INFOPLIST_KEY_UISupportedInterfaceOrientations_iPhone = "UIInterfaceOrientationPortrait UIInterfaceOrientationLandscapeLeft UIInterfaceOrientationLandscapeRight";
				LD_RUNPATH_SEARCH_PATHS = (
					"$(inherited)",
					"@executable_path/Frameworks",
				);
				MARKETING_VERSION = 1.0;
				PRODUCT_BUNDLE_IDENTIFIER = com.papon.AssignmentSCG;
				PRODUCT_NAME = "$(TARGET_NAME)";
				SWIFT_EMIT_LOC_STRINGS = YES;
				SWIFT_VERSION = 5.0;
				TARGETED_DEVICE_FAMILY = "1,2";
			};
			name = Release;
		};
/* End XCBuildConfiguration section */

/* Begin XCConfigurationList section */
		FB9460412A77AC790055E708 /* Build configuration list for PBXProject "AssignmentSCG" */ = {
			isa = XCConfigurationList;
			buildConfigurations = (
				FB9460522A77AC7C0055E708 /* Debug */,
				FB9460532A77AC7C0055E708 /* Release */,
			);
			defaultConfigurationIsVisible = 0;
			defaultConfigurationName = Release;
		};
		FB9460542A77AC7C0055E708 /* Build configuration list for PBXNativeTarget "AssignmentSCG" */ = {
			isa = XCConfigurationList;
			buildConfigurations = (
				FB9460552A77AC7C0055E708 /* Debug */,
				FB9460562A77AC7C0055E708 /* Release */,
			);
			defaultConfigurationIsVisible = 0;
			defaultConfigurationName = Release;
		};
/* End XCConfigurationList section */
	};
	rootObject = FB94603E2A77AC790055E708 /* Project object */;
}
